{
  "name": "task-management-api",
  "lockfileVersion": 3,
  "requires": true,
  "packages": {
    "": {
      "devDependencies": {
        "@prettier/plugin-php": "^0.24.0",
        "prettier": "^3.8.3",
        "prettier-plugin-blade": "^3.1.5"
      }
    },
    "node_modules/@prettier/html-tags": {
      "version": "2.2.0",
      "resolved": "https://registry.npmjs.org/@prettier/html-tags/-/html-tags-2.2.0.tgz",
      "integrity": "sha512-6qLjt8ncestmSfEOeVf/kX5VhkinUsppybvkwn1X7wu+BjQ/GBSZYu7cytxdCvi5BaljCGIAr4rmfL5zVqdgyQ==",
      "dev": true,
      "license": "MIT"
    },
    "node_modules/@prettier/parse-srcset": {
      "version": "3.1.0",
      "resolved": "https://registry.npmjs.org/@prettier/parse-srcset/-/parse-srcset-3.1.0.tgz",
      "integrity": "sha512-FIRv2rZotO9NP/r66taYqD1zICpPiBbrECqjKV/xqNotqDxF7fLzzUeK+1RSRx9Tenk0DajR/GcRmTJ2qtHaKQ==",
      "dev": true,
      "license": "MIT"
    },
    "node_modules/@prettier/plugin-php": {
      "version": "0.24.0",
      "resolved": "https://registry.npmjs.org/@prettier/plugin-php/-/plugin-php-0.24.0.tgz",
      "integrity": "sha512-x9l65fCE/pgoET6RQowgdgG8Xmzs44z6j6Hhg3coINCyCw9JBGJ5ZzMR2XHAM2jmAdbJAIgqB6cUn4/3W3XLTA==",
      "dev": true,
      "license": "MIT",
      "dependencies": {
        "linguist-languages": "^8.0.0",
        "php-parser": "^3.2.5"
      },
      "peerDependencies": {
        "prettier": "^3.0.0"
      }
    },
    "node_modules/html-element-attributes": {
      "version": "3.5.0",
      "resolved": "https://registry.npmjs.org/html-element-attributes/-/html-element-attributes-3.5.0.tgz",
      "integrity": "sha512-rU2BFhp0kQla9sqPBI46C+zbP6PFOtD7z6XNAJ6as+cGecCDXLx0W3aIs6XdPLmBBG/Fy1meRi/n65Exofz4Qw==",
      "dev": true,
      "license": "MIT",
      "funding": {
        "type": "github",
        "url": "https://github.com/sponsors/wooorm"
      }
    },
    "node_modules/linguist-languages": {
      "version": "8.2.0",
      "resolved": "https://registry.npmjs.org/linguist-languages/-/linguist-languages-8.2.0.tgz",
      "integrity": "sha512-KCUUH9x97QWYU0SXOCGxUrZR6cSfuQrMhABB7L/0I8N0LXOeaKe7+RZs7FAwvWCV2qKfZ4Wv1luLq4OfMezSJg==",
      "dev": true,
      "license": "MIT"
    },
    "node_modules/php-parser": {
      "version": "3.5.1",
      "resolved": "https://registry.npmjs.org/php-parser/-/php-parser-3.5.1.tgz",
      "integrity": "sha512-0By/iMXxBM9nIapBXOdFGHlD2os9t/3Pk1aIavUzCH7jKFPjq1WYeOVOv/iXhELCjlL4ZlzKwK1keyxLQjll8g==",
      "dev": true,
      "license": "BSD-3-Clause"
    },
    "node_modules/prettier": {
      "version": "3.8.3",
      "resolved": "https://registry.npmjs.org/prettier/-/prettier-3.8.3.tgz",
      "integrity": "sha512-7igPTM53cGHMW8xWuVTydi2KO233VFiTNyF5hLJqpilHfmn8C8gPf+PS7dUT64YcXFbiMGZxS9pCSxL/Dxm/Jw==",
      "dev": true,
      "license": "MIT",
      "bin": {
        "prettier": "bin/prettier.cjs"
      },
      "engines": {
        "node": ">=14"
      },
      "funding": {
        "url": "https://github.com/prettier/prettier?sponsor=1"
      }
    },
    "node_modules/prettier-plugin-blade": {
      "version": "3.1.5",
      "resolved": "https://registry.npmjs.org/prettier-plugin-blade/-/prettier-plugin-blade-3.1.5.tgz",
      "integrity": "sha512-3X6sEbVhBCWgAN5g0ZF4gulMmuOIaGN8nMXbGe4BLdqmhPJDCnyUipX2J4/On7sxKvEMVKEzz6LARDv+htWCvw==",
      "dev": true,
      "license": "MIT",
      "dependencies": {
        "@prettier/html-tags": "^2.2.0",
        "@prettier/parse-srcset": "^3.1.0",
        "html-element-attributes": "^3.5.0"
      },
      "engines": {
        "node": ">=18.0.0"
      },
      "peerDependencies": {
        "@prettier/plugin-php": "^0.24.0",
        "prettier": "^3.0.0",
        "prettier-plugin-tailwindcss": "^0.7.0"
      },
      "peerDependenciesMeta": {
        "@prettier/plugin-php": {
          "optional": true
        },
        "prettier-plugin-tailwindcss": {
          "optional": true
        }
      }
    }
  }
}
